
Microsoft Visual Studio Solution File, Format Version 12.00
# Visual Studio Version 16
VisualStudioVersion = 16.0.30907.101
MinimumVisualStudioVersion = 10.0.40219.1
Project("{FAE04EC0-301F-11D3-BF4B-00C04F79EFBC}") = "A03_LSP_Problema", "A03_LSP_Problema\A03_LSP_Problema.csproj", "{EE6A580A-7A12-4531-8735-1CBFFB688BCF}"
EndProject
Project("{FAE04EC0-301F-11D3-BF4B-00C04F79EFBC}") = "A03_LSP_Solucao", "A03_LSP_Solucao\A03_LSP_Solucao.csproj", "{3C2097CF-A33F-41CF-818C-8780037A4D1F}"
EndProject
Global
	GlobalSection(SolutionConfigurationPlatforms) = preSolution
		Debug|Any CPU = Debug|Any CPU
		Release|Any CPU = Release|Any CPU
	EndGlobalSection
	GlobalSection(ProjectConfigurationPlatforms) = postSolution
		{EE6A580A-7A12-4531-8735-1CBFFB688BCF}.Debug|Any CPU.ActiveCfg = Debug|Any CPU
		{EE6A580A-7A12-4531-8735-1CBFFB688BCF}.Debug|Any CPU.Build.0 = Debug|Any CPU
		{EE6A580A-7A12-4531-8735-1CBFFB688BCF}.Release|Any CPU.ActiveCfg = Release|Any CPU
		{EE6A580A-7A12-4531-8735-1CBFFB688BCF}.Release|Any CPU.Build.0 = Release|Any CPU
		{3C2097CF-A33F-41CF-818C-8780037A4D1F}.Debug|Any CPU.ActiveCfg = Debug|Any CPU
		{3C2097CF-A33F-41CF-818C-8780037A4D1F}.Debug|Any CPU.Build.0 = Debug|Any CPU
		{3C2097CF-A33F-41CF-818C-8780037A4D1F}.Release|Any CPU.ActiveCfg = Release|Any CPU
		{3C2097CF-A33F-41CF-818C-8780037A4D1F}.Release|Any CPU.Build.0 = Release|Any CPU
	EndGlobalSection
	GlobalSection(SolutionProperties) = preSolution
		HideSolutionNode = FALSE
	EndGlobalSection
	GlobalSection(ExtensibilityGlobals) = postSolution
		SolutionGuid = {0DC89AEB-11BF-4235-8B1C-5514B4042E88}
	EndGlobalSection
EndGlobal
