
Microsoft Visual Studio Solution File, Format Version 12.00
# Visual Studio Version 16
VisualStudioVersion = 16.0.30907.101
MinimumVisualStudioVersion = 10.0.40219.1
Project("{9A19103F-16F7-4668-BE54-9A1E7A4F7556}") = "A01_SRP_Problema", "A01_SRP_Problema\A01_SRP_Problema.csproj", "{4EA04E87-A98F-47FA-8609-800ECAE641D8}"
EndProject
Project("{FAE04EC0-301F-11D3-BF4B-00C04F79EFBC}") = "A01_SRP_Solucao", "A01_SRP_Solucao\A01_SRP_Solucao.csproj", "{1E66FA55-70DF-4452-BAE5-24775E54CAE8}"
EndProject
Global
	GlobalSection(SolutionConfigurationPlatforms) = preSolution
		Debug|Any CPU = Debug|Any CPU
		Release|Any CPU = Release|Any CPU
	EndGlobalSection
	GlobalSection(ProjectConfigurationPlatforms) = postSolution
		{4EA04E87-A98F-47FA-8609-800ECAE641D8}.Debug|Any CPU.ActiveCfg = Debug|Any CPU
		{4EA04E87-A98F-47FA-8609-800ECAE641D8}.Debug|Any CPU.Build.0 = Debug|Any CPU
		{4EA04E87-A98F-47FA-8609-800ECAE641D8}.Release|Any CPU.ActiveCfg = Release|Any CPU
		{4EA04E87-A98F-47FA-8609-800ECAE641D8}.Release|Any CPU.Build.0 = Release|Any CPU
		{1E66FA55-70DF-4452-BAE5-24775E54CAE8}.Debug|Any CPU.ActiveCfg = Debug|Any CPU
		{1E66FA55-70DF-4452-BAE5-24775E54CAE8}.Debug|Any CPU.Build.0 = Debug|Any CPU
		{1E66FA55-70DF-4452-BAE5-24775E54CAE8}.Release|Any CPU.ActiveCfg = Release|Any CPU
		{1E66FA55-70DF-4452-BAE5-24775E54CAE8}.Release|Any CPU.Build.0 = Release|Any CPU
	EndGlobalSection
	GlobalSection(SolutionProperties) = preSolution
		HideSolutionNode = FALSE
	EndGlobalSection
	GlobalSection(ExtensibilityGlobals) = postSolution
		SolutionGuid = {FD911F78-286E-4D76-B13B-1953DB52C267}
	EndGlobalSection
EndGlobal
